
Microsoft Visual Studio Solution File, Format Version 12.00
# Visual Studio 15
VisualStudioVersion = 15.0.27703.2000
MinimumVisualStudioVersion = 10.0.40219.1
Project("{FAE04EC0-301F-11D3-BF4B-00C04F79EFBC}") = "TinderForWork", "TinderForWork\TinderForWork.csproj", "{E9D0F826-A389-4689-B623-D4D8B1457A9B}"
EndProject
Global
	GlobalSection(SolutionConfigurationPlatforms) = preSolution
		Debug|Any CPU = Debug|Any CPU
		Release|Any CPU = Release|Any CPU
	EndGlobalSection
	GlobalSection(ProjectConfigurationPlatforms) = postSolution
		{E9D0F826-A389-4689-B623-D4D8B1457A9B}.Debug|Any CPU.ActiveCfg = Debug|Any CPU
		{E9D0F826-A389-4689-B623-D4D8B1457A9B}.Debug|Any CPU.Build.0 = Debug|Any CPU
		{E9D0F826-A389-4689-B623-D4D8B1457A9B}.Release|Any CPU.ActiveCfg = Release|Any CPU
		{E9D0F826-A389-4689-B623-D4D8B1457A9B}.Release|Any CPU.Build.0 = Release|Any CPU
	EndGlobalSection
	GlobalSection(SolutionProperties) = preSolution
		HideSolutionNode = FALSE
	EndGlobalSection
	GlobalSection(ExtensibilityGlobals) = postSolution
		SolutionGuid = {D5CEA249-8868-4FD8-A590-ADCFEE25FA44}
	EndGlobalSection
EndGlobal
